
Microsoft Visual Studio Solution File, Format Version 12.00
# Visual Studio 15
VisualStudioVersion = 15.0.27703.2000
MinimumVisualStudioVersion = 10.0.40219.1
Project("{FAE04EC0-301F-11D3-BF4B-00C04F79EFBC}") = "SrtReformatterCore", "SrtReformatterCore\SrtReformatterCore.csproj", "{3DD70BEE-F0A8-47F9-8932-BCDFD365F8A8}"
EndProject
Global
	GlobalSection(SolutionConfigurationPlatforms) = preSolution
		Debug|Any CPU = Debug|Any CPU
		Release|Any CPU = Release|Any CPU
	EndGlobalSection
	GlobalSection(ProjectConfigurationPlatforms) = postSolution
		{3DD70BEE-F0A8-47F9-8932-BCDFD365F8A8}.Debug|Any CPU.ActiveCfg = Debug|Any CPU
		{3DD70BEE-F0A8-47F9-8932-BCDFD365F8A8}.Debug|Any CPU.Build.0 = Debug|Any CPU
		{3DD70BEE-F0A8-47F9-8932-BCDFD365F8A8}.Release|Any CPU.ActiveCfg = Release|Any CPU
		{3DD70BEE-F0A8-47F9-8932-BCDFD365F8A8}.Release|Any CPU.Build.0 = Release|Any CPU
	EndGlobalSection
	GlobalSection(SolutionProperties) = preSolution
		HideSolutionNode = FALSE
	EndGlobalSection
	GlobalSection(ExtensibilityGlobals) = postSolution
		SolutionGuid = {A1930D0F-F7F4-4B58-A3AA-50F446784165}
	EndGlobalSection
EndGlobal
